
Microsoft Visual Studio Solution File, Format Version 12.00
# Visual Studio Version 17
VisualStudioVersion = 17.0.31919.166
MinimumVisualStudioVersion = 10.0.40219.1
Project("{FAE04EC0-301F-11D3-BF4B-00C04F79EFBC}") = "ClipboardImageSave", "ClipboardImageSave.csproj", "{A535F72D-5032-44CA-8F6E-D24CACD9B9F7}"
EndProject
Global
	GlobalSection(SolutionConfigurationPlatforms) = preSolution
		Debug|Any CPU = Debug|Any CPU
		Release|Any CPU = Release|Any CPU
	EndGlobalSection
	GlobalSection(ProjectConfigurationPlatforms) = postSolution
		{A535F72D-5032-44CA-8F6E-D24CACD9B9F7}.Debug|Any CPU.ActiveCfg = Debug|Any CPU
		{A535F72D-5032-44CA-8F6E-D24CACD9B9F7}.Debug|Any CPU.Build.0 = Debug|Any CPU
		{A535F72D-5032-44CA-8F6E-D24CACD9B9F7}.Release|Any CPU.ActiveCfg = Release|Any CPU
		{A535F72D-5032-44CA-8F6E-D24CACD9B9F7}.Release|Any CPU.Build.0 = Release|Any CPU
	EndGlobalSection
	GlobalSection(SolutionProperties) = preSolution
		HideSolutionNode = FALSE
	EndGlobalSection
	GlobalSection(ExtensibilityGlobals) = postSolution
		SolutionGuid = {F29D2C07-3CEA-4BBD-85E5-ED815FAAF810}
	EndGlobalSection
EndGlobal
